
Microsoft Visual Studio Solution File, Format Version 12.00
# Visual Studio Version 17
VisualStudioVersion = 17.6.33712.159
MinimumVisualStudioVersion = 10.0.40219.1
Project("{FAE04EC0-301F-11D3-BF4B-00C04F79EFBC}") = "CalcMedia", "CalcMedia\CalcMedia.csproj", "{C5DE49E8-6F49-4385-85F1-3002BFE314B6}"
EndProject
Global
	GlobalSection(SolutionConfigurationPlatforms) = preSolution
		Debug|Any CPU = Debug|Any CPU
		Release|Any CPU = Release|Any CPU
	EndGlobalSection
	GlobalSection(ProjectConfigurationPlatforms) = postSolution
		{C5DE49E8-6F49-4385-85F1-3002BFE314B6}.Debug|Any CPU.ActiveCfg = Debug|Any CPU
		{C5DE49E8-6F49-4385-85F1-3002BFE314B6}.Debug|Any CPU.Build.0 = Debug|Any CPU
		{C5DE49E8-6F49-4385-85F1-3002BFE314B6}.Release|Any CPU.ActiveCfg = Release|Any CPU
		{C5DE49E8-6F49-4385-85F1-3002BFE314B6}.Release|Any CPU.Build.0 = Release|Any CPU
	EndGlobalSection
	GlobalSection(SolutionProperties) = preSolution
		HideSolutionNode = FALSE
	EndGlobalSection
	GlobalSection(ExtensibilityGlobals) = postSolution
		SolutionGuid = {00A6B34C-825A-4103-8B97-E9E165C8C68E}
	EndGlobalSection
EndGlobal
